{
  "pins" : [
    {
      "identity" : "blinkupswiftsdk",
      "kind" : "remoteSourceControl",
      "location" : "https://github.com/blinkupsdk/bLinkupSwiftSDK",
      "state" : {
        "revision" : "88331fd8dc992f529f995f8bed43e33db188a117",
        "version" : "1.0.3"
      }
    }
  ],
  "version" : 2
}
