{
  "pins" : [
    {
      "identity" : "blinkupswiftsdk",
      "kind" : "remoteSourceControl",
      "location" : "https://github.com/blinkupsdk/bLinkupSwiftSDK",
      "state" : {
        "revision" : "d8a882c01cd601537b43ddeaf3f68e99f0901031",
        "version" : "1.0.2"
      }
    }
  ],
  "version" : 2
}
